# This file is autogenerated, do not edit; changes may be undone by the next 'dep ensure'.


[[projects]]
  branch = "master"
  digest = "1:df416aef14f1103aea76c44be36073f8765565aba08e8acb37cde8c15f28bf33"
  name = "github.com/AndreasBriese/bbloom"
  packages = ["."]
  pruneopts = "UT"
  revision = "46b345b51c9667fcbaad862a370d73bd7aa802b6"

[[projects]]
  digest = "1:6be8582a4f52ba2851d8a039eb9c3a3b90334b2820563d71e97de35580da128e"
  name = "github.com/dgraph-io/badger"
  packages = [
    ".",
    "options",
    "pb",
    "skl",
    "table",
    "y",
  ]
  pruneopts = "UT"
  revision = "2fa005c9d4bf695277ab5214c1fbce3735b9562a"
  version = "v1.6.0"

[[projects]]
  branch = "master"
  digest = "1:7b5b445d4d7b8d18eb794783e7559e90d1f1fca4bf3c2f1c249f11b582e6f546"
  name = "github.com/dgryski/go-farm"
  packages = ["."]
  pruneopts = "UT"
  revision = "c2139c5d712b01d0410c2e51d4bdc588b4eb6ca3"

[[projects]]
  digest = "1:6f9339c912bbdda81302633ad7e99a28dfa5a639c864061f1929510a9a64aa74"
  name = "github.com/dustin/go-humanize"
  packages = ["."]
  pruneopts = "UT"
  revision = "9f541cc9db5d55bce703bd99987c9d5cb8eea45e"
  version = "v1.0.0"

[[projects]]
  digest = "1:b5be8c9f1828fabf180eff4437ffb01004e0026795f6b7bf7b0bc7c40b9d3609"
  name = "github.com/go-kit/kit"
  packages = [
    "endpoint",
    "log",
    "transport",
    "transport/http",
  ]
  pruneopts = "UT"
  revision = "150a65a7ec6156b4b640c1fd55f26fd3d475d656"
  version = "v0.9.0"

[[projects]]
  digest = "1:522a207de5459ab329732b5df6bb6dd7592da9fddf8a99e9f82609e370d82f9b"
  name = "github.com/go-logfmt/logfmt"
  packages = ["."]
  pruneopts = "UT"
  revision = "3be5f6aae7db841d31dc5e1b3bb7b4cff19200b3"
  version = "v0.5.0"

[[projects]]
  digest = "1:573ca21d3669500ff845bdebee890eb7fc7f0f50c59f2132f2a0c6b03d85086a"
  name = "github.com/golang/protobuf"
  packages = ["proto"]
  pruneopts = "UT"
  revision = "6c65a5562fc06764971b7c5d05c76c75e84bdbf7"
  version = "v1.3.2"

[[projects]]
  branch = "master"
  digest = "1:7463ef8877138e91bdb6e980dfcb6ce16358dd753f54c14dea23b0261e68f54a"
  name = "github.com/mmcloughlin/avo"
  packages = [
    "attr",
    "build",
    "buildtags",
    "gotypes",
    "internal/prnt",
    "internal/stack",
    "ir",
    "operand",
    "pass",
    "printer",
    "reg",
    "src",
    "x86",
  ]
  pruneopts = "UT"
  revision = "b0ac74488c88a329ab76bdc649d3118b5ce2fcd3"

[[projects]]
  digest = "1:acee8253461816d70e10eab8480a6d877dea4fad02493b884c05e982908ebe36"
  name = "github.com/oklog/oklog"
  packages = ["pkg/group"]
  pruneopts = "UT"
  revision = "e3ad1c411c27b4bc18c5facb9331820d141a5a54"
  version = "v0.3.2"

[[projects]]
  digest = "1:109a4e5eccbcaea2e63f89e2eccecbd7f427a893a8712defce705e14c1d51d3c"
  name = "github.com/oklog/run"
  packages = ["."]
  pruneopts = "UT"
  revision = "9c53bcd6fefd554246da88d55efcc283aff63659"
  version = "v1.1.0"

[[projects]]
  digest = "1:9e1d37b58d17113ec3cb5608ac0382313c5b59470b94ed97d0976e69c7022314"
  name = "github.com/pkg/errors"
  packages = ["."]
  pruneopts = "UT"
  revision = "614d223910a179a466c1767a985424175c39b465"
  version = "v0.9.1"

[[projects]]
  branch = "master"
  digest = "1:2c270e7eab91d8381b35fcffa3e3eb792646fda97e1e109ae8483c5afaa7bfc1"
  name = "golang.org/x/net"
  packages = [
    "internal/timeseries",
    "trace",
  ]
  pruneopts = "UT"
  revision = "6afb5195e5aab057fda82e27171243402346b0ad"

[[projects]]
  branch = "master"
  digest = "1:e13350b7207ecc34977340d53522e0335dd36ed86ca7c346a36d2e88eb0fadfc"
  name = "golang.org/x/sys"
  packages = ["unix"]
  pruneopts = "UT"
  revision = "59e60aa80a0c64fa4b088976ee16ad7f04252c25"

[[projects]]
  branch = "master"
  digest = "1:ba64cb64f1d5c594cd913937eddd5085b791e6d6d3eaa94c2d1a95c3fd7c9a03"
  name = "golang.org/x/tools"
  packages = [
    "go/ast/astutil",
    "go/gcexportdata",
    "go/internal/gcimporter",
    "go/internal/packagesdriver",
    "go/packages",
    "go/types/typeutil",
    "internal/fastwalk",
    "internal/gopathwalk",
    "internal/packagesinternal",
    "internal/semver",
  ]
  pruneopts = "UT"
  revision = "0cba7a3a9ee9d9a5917ed56b9668e7ad35eaa571"

[solve-meta]
  analyzer-name = "dep"
  analyzer-version = 1
  input-imports = [
    "github.com/dgraph-io/badger",
    "github.com/go-kit/kit/endpoint",
    "github.com/go-kit/kit/log",
    "github.com/go-kit/kit/transport/http",
    "github.com/oklog/oklog/pkg/group",
  ]
  solver-name = "gps-cdcl"
  solver-version = 1
